{
  "nodes": {
    "bufdelete-nvim": {
      "flake": false,
      "locked": {
        "lastModified": 1708814161,
        "narHash": "sha256-ljUNfmpImtxFCS19HC9kFlaLlqaPDltKtnx1+/6Y33U=",
        "owner": "famiu",
        "repo": "bufdelete.nvim",
        "rev": "f6bcea78afb3060b198125256f897040538bcb81",
        "type": "github"
      },
      "original": {
        "owner": "famiu",
        "repo": "bufdelete.nvim",
        "type": "github"
      }
    },
    "catppuccin": {
      "flake": false,
      "locked": {
        "lastModified": 1781427459,
        "narHash": "sha256-0N/yFCK2Sc+dNpN+0TpSJnY0TCoE4kLCitNLhHSE8rM=",
        "owner": "catppuccin",
        "repo": "nvim",
        "rev": "49a926655a2f5579e9c276470fc300baaa49e524",
        "type": "github"
      },
      "original": {
        "owner": "catppuccin",
        "repo": "nvim",
        "type": "github"
      }
    },
    "cellular-automaton": {
      "flake": false,
      "locked": {
        "lastModified": 1738357415,
        "narHash": "sha256-UB0YXXC4/7BtZ06By0lT2Ad4PQtohAF8m57b71Dmxvo=",
        "owner": "Eandrju",
        "repo": "cellular-automaton.nvim",
        "rev": "1606e9d5d04ff254023c3f3c62842d065708d6d3",
        "type": "github"
      },
      "original": {
        "owner": "Eandrju",
        "repo": "cellular-automaton.nvim",
        "type": "github"
      }
    },
    "cmp-buffer": {
      "flake": false,
      "locked": {
        "lastModified": 1743497185,
        "narHash": "sha256-dG4U7MtnXThoa/PD+qFtCt76MQ14V1wX8GMYcvxEnbM=",
        "owner": "hrsh7th",
        "repo": "cmp-buffer",
        "rev": "b74fab3656eea9de20a9b8116afa3cfc4ec09657",
        "type": "github"
      },
      "original": {
        "owner": "hrsh7th",
        "repo": "cmp-buffer",
        "type": "github"
      }
    },
    "cmp-nvim-lsp": {
      "flake": false,
      "locked": {
        "lastModified": 1763018865,
        "narHash": "sha256-CYZdfAsJYQyW413fRvNbsS5uayuc6fKDvDLZ2Y7j3ZQ=",
        "owner": "hrsh7th",
        "repo": "cmp-nvim-lsp",
        "rev": "cbc7b02bb99fae35cb42f514762b89b5126651ef",
        "type": "github"
      },
      "original": {
        "owner": "hrsh7th",
        "repo": "cmp-nvim-lsp",
        "type": "github"
      }
    },
    "cmp-path": {
      "flake": false,
      "locked": {
        "lastModified": 1753844861,
        "narHash": "sha256-e4Rd2y1Wekp7aobpTGaUeoSBnlfIASDaBR8js5dh2Vw=",
        "owner": "hrsh7th",
        "repo": "cmp-path",
        "rev": "c642487086dbd9a93160e1679a1327be111cbc25",
        "type": "github"
      },
      "original": {
        "owner": "hrsh7th",
        "repo": "cmp-path",
        "type": "github"
      }
    },
    "cmp-treesitter": {
      "flake": false,
      "locked": {
        "lastModified": 1715596479,
        "narHash": "sha256-8WAk9S+/7vSz7bVHdEzjbKUokU144fvnByIeJ1gAWhU=",
        "owner": "ray-x",
        "repo": "cmp-treesitter",
        "rev": "958fcfa0d8ce46d215e19cc3992c542f576c4123",
        "type": "github"
      },
      "original": {
        "owner": "ray-x",
        "repo": "cmp-treesitter",
        "type": "github"
      }
    },
    "cmp-vsnip": {
      "flake": false,
      "locked": {
        "lastModified": 1669100283,
        "narHash": "sha256-2mkN03noOr5vBvRbSb35xZKorSH+8savQNZtgM9+QcM=",
        "owner": "hrsh7th",
        "repo": "cmp-vsnip",
        "rev": "989a8a73c44e926199bfd05fa7a516d51f2d2752",
        "type": "github"
      },
      "original": {
        "owner": "hrsh7th",
        "repo": "cmp-vsnip",
        "type": "github"
      }
    },
    "crates-nvim": {
      "flake": false,
      "locked": {
        "lastModified": 1776121071,
        "narHash": "sha256-+6rC+bticNgMhZ+2lkPpitunSv4nHmBzCIj6ngt7gaA=",
        "owner": "Saecki",
        "repo": "crates.nvim",
        "rev": "694357861ec9ebf12475ddcdd04ea45a0923c32d",
        "type": "github"
      },
      "original": {
        "owner": "Saecki",
        "repo": "crates.nvim",
        "type": "github"
      }
    },
    "dial-nvim": {
      "flake": false,
      "locked": {
        "lastModified": 1766327587,
        "narHash": "sha256-J2HU746yz8iHos7od5kIdEUd4/bgAPGwC38fLZ4gK+E=",
        "owner": "monaqa",
        "repo": "dial.nvim",
        "rev": "f2634758455cfa52a8acea6f142dcd6271a1bf57",
        "type": "github"
      },
      "original": {
        "owner": "monaqa",
        "repo": "dial.nvim",
        "type": "github"
      }
    },
    "diffview": {
      "flake": false,
      "locked": {
        "lastModified": 1718279802,
        "narHash": "sha256-SX+ybIzL/w6uyCy4iZKnWnzTFwqB1oXSgyYVAdpdKi8=",
        "owner": "sindrets",
        "repo": "diffview.nvim",
        "rev": "4516612fe98ff56ae0415a259ff6361a89419b0a",
        "type": "github"
      },
      "original": {
        "owner": "sindrets",
        "repo": "diffview.nvim",
        "type": "github"
      }
    },
    "flake-parts": {
      "inputs": {
        "nixpkgs-lib": [
          "neovim-nightly-overlay",
          "nixpkgs"
        ]
      },
      "locked": {
        "lastModified": 1778716662,
        "narHash": "sha256-m1Yf0wZ8j1OHjTc2UwHwyQRSnNeSgLJOd7q5Y45hzi4=",
        "owner": "hercules-ci",
        "repo": "flake-parts",
        "rev": "f7c1a2d347e4c52d5fb8d10cb4d94b5884e546fb",
        "type": "github"
      },
      "original": {
        "owner": "hercules-ci",
        "repo": "flake-parts",
        "type": "github"
      }
    },
    "flake-parts_2": {
      "inputs": {
        "nixpkgs-lib": "nixpkgs-lib"
      },
      "locked": {
        "lastModified": 1778716662,
        "narHash": "sha256-m1Yf0wZ8j1OHjTc2UwHwyQRSnNeSgLJOd7q5Y45hzi4=",
        "owner": "hercules-ci",
        "repo": "flake-parts",
        "rev": "f7c1a2d347e4c52d5fb8d10cb4d94b5884e546fb",
        "type": "github"
      },
      "original": {
        "owner": "hercules-ci",
        "repo": "flake-parts",
        "type": "github"
      }
    },
    "flake-schemas": {
      "locked": {
        "lastModified": 1713165510,
        "narHash": "sha256-pR0sT1MGGTi1+u74gssJcq83TpUfcJbbsP69qhFg1O4=",
        "owner": "gvolpe",
        "repo": "flake-schemas",
        "rev": "e72d8de98fab07bd852204141d2e8b731e3f2039",
        "type": "github"
      },
      "original": {
        "owner": "gvolpe",
        "repo": "flake-schemas",
        "type": "github"
      }
    },
    "flake-utils": {
      "inputs": {
        "systems": "systems"
      },
      "locked": {
        "lastModified": 1731533236,
        "narHash": "sha256-l0KFg5HjrsfsO/JpG+r7fRrqm12kzFHyUHqHCVpMMbI=",
        "owner": "numtide",
        "repo": "flake-utils",
        "rev": "11707dc2f618dd54ca8739b309ec4fc024de578b",
        "type": "github"
      },
      "original": {
        "owner": "numtide",
        "repo": "flake-utils",
        "type": "github"
      }
    },
    "gitsigns-nvim": {
      "flake": false,
      "locked": {
        "lastModified": 1781814344,
        "narHash": "sha256-gpbnqwKT+Ud8Ta/X7U8PJxmO9Qs6w0unLmeUGSlsOHQ=",
        "owner": "lewis6991",
        "repo": "gitsigns.nvim",
        "rev": "2038c666bd9d8a0b7349a0b6ee00dc83104b9ecf",
        "type": "github"
      },
      "original": {
        "owner": "lewis6991",
        "repo": "gitsigns.nvim",
        "type": "github"
      }
    },
    "glow-nvim": {
      "flake": false,
      "locked": {
        "lastModified": 1742597358,
        "narHash": "sha256-CvBcmVWBgI+m+PS7p7PmsiPtTEfqx2kpIzz4mImONIc=",
        "owner": "ellisonleao",
        "repo": "glow.nvim",
        "rev": "5d5954b2f22e109d4a6eba8b2618c5b96e4ee7a2",
        "type": "github"
      },
      "original": {
        "owner": "ellisonleao",
        "repo": "glow.nvim",
        "type": "github"
      }
    },
    "harpoon": {
      "flake": false,
      "locked": {
        "lastModified": 1761924951,
        "narHash": "sha256-qQSPVMdldksNZDPZvnTiXxty+GSUqMGz8nYEFDRezrQ=",
        "owner": "ThePrimeagen",
        "repo": "harpoon",
        "rev": "87b1a3506211538f460786c23f98ec63ad9af4e5",
        "type": "github"
      },
      "original": {
        "owner": "ThePrimeagen",
        "ref": "harpoon2",
        "repo": "harpoon",
        "type": "github"
      }
    },
    "hurl-nvim": {
      "flake": false,
      "locked": {
        "lastModified": 1680833993,
        "narHash": "sha256-giJVQ86pHmU2Ymn9/lj7DghLuPvh2nd9JMY8LPSrI6M=",
        "owner": "samueljoli",
        "repo": "hurl.nvim",
        "rev": "a8cb4643246523f419f449a9366e003ddb855138",
        "type": "github"
      },
      "original": {
        "owner": "samueljoli",
        "repo": "hurl.nvim",
        "type": "github"
      }
    },
    "indent-blankline": {
      "flake": false,
      "locked": {
        "lastModified": 1771288550,
        "narHash": "sha256-Vc79ff416uJFqKH8zlM1y208SxaQGpQPqGVbiz5Vflg=",
        "owner": "lukas-reineke",
        "repo": "indent-blankline.nvim",
        "rev": "d28a3f70721c79e3c5f6693057ae929f3d9c0a03",
        "type": "github"
      },
      "original": {
        "owner": "lukas-reineke",
        "repo": "indent-blankline.nvim",
        "type": "github"
      }
    },
    "kommentary": {
      "flake": false,
      "locked": {
        "lastModified": 1701264889,
        "narHash": "sha256-lpa3o42jieVKqs+ZCU8HBqWsoqoc53JKMmCNmIJ0rH0=",
        "owner": "b3nj5m1n",
        "repo": "kommentary",
        "rev": "d5a111a3bc4109a8f913a5863c9092b3b3801482",
        "type": "github"
      },
      "original": {
        "owner": "b3nj5m1n",
        "repo": "kommentary",
        "type": "github"
      }
    },
    "lsp-signature": {
      "flake": false,
      "locked": {
        "lastModified": 1779155505,
        "narHash": "sha256-ov4K/u5S8kf4Bm4KGKJJxhwPYcGEjzymxp8CGtMy2C4=",
        "owner": "ray-x",
        "repo": "lsp_signature.nvim",
        "rev": "b7ace9ddb1640ce266012a45a672dfdaedfa5ec6",
        "type": "github"
      },
      "original": {
        "owner": "ray-x",
        "repo": "lsp_signature.nvim",
        "type": "github"
      }
    },
    "lspkind": {
      "flake": false,
      "locked": {
        "lastModified": 1769689909,
        "narHash": "sha256-aIopYLm/x1CgCKpcsu9pxpqL0SXXhHDPTM8DKUwGeRw=",
        "owner": "onsails",
        "repo": "lspkind-nvim",
        "rev": "c7274c48137396526b59d86232eabcdc7fed8a32",
        "type": "github"
      },
      "original": {
        "owner": "onsails",
        "repo": "lspkind-nvim",
        "type": "github"
      }
    },
    "lspsaga": {
      "flake": false,
      "locked": {
        "lastModified": 1670360222,
        "narHash": "sha256-7ENInq3LAPPTdm0Fb7klOc630j8m4LRj1kLZZFYLh68=",
        "owner": "tami5",
        "repo": "lspsaga.nvim",
        "rev": "5faeec9f2508d2d49a66c0ac0d191096b4e3fa81",
        "type": "github"
      },
      "original": {
        "owner": "tami5",
        "repo": "lspsaga.nvim",
        "type": "github"
      }
    },
    "lualine": {
      "flake": false,
      "locked": {
        "lastModified": 1780194559,
        "narHash": "sha256-6PjGu30Ed4/e/HQ3mIFQuUOxcCiti/71jjlMsjN7EoA=",
        "owner": "hoob3rt",
        "repo": "lualine.nvim",
        "rev": "221ce6b2d999187044529f49da6554a92f740a96",
        "type": "github"
      },
      "original": {
        "owner": "hoob3rt",
        "repo": "lualine.nvim",
        "type": "github"
      }
    },
    "mind-nvim": {
      "flake": false,
      "locked": {
        "lastModified": 1665313334,
        "narHash": "sha256-M2H8ChUWTdFAUC5omA4KNzRQCgh4bb1PHcOn63U7wMo=",
        "owner": "gvolpe",
        "repo": "mind.nvim",
        "rev": "2e40883c9e75ac4e5e178dd3a38f1280c2469b7e",
        "type": "github"
      },
      "original": {
        "owner": "gvolpe",
        "repo": "mind.nvim",
        "type": "github"
      }
    },
    "mini-nvim": {
      "flake": false,
      "locked": {
        "lastModified": 1781968635,
        "narHash": "sha256-cX5X1qrrwDTdZr/p9sy9sxKb/HKnauJwAcGDzmt4ZZE=",
        "owner": "echasnovski",
        "repo": "mini.nvim",
        "rev": "64e77a77173a23daa218ebfa2f7d59456b30326b",
        "type": "github"
      },
      "original": {
        "owner": "echasnovski",
        "repo": "mini.nvim",
        "type": "github"
      }
    },
    "modes-nvim": {
      "flake": false,
      "locked": {
        "lastModified": 1773625517,
        "narHash": "sha256-Oj6l0lJegIe3rhM4Y7co3JAzQCRC1ryOruhDR1k3giY=",
        "owner": "mvllow",
        "repo": "modes.nvim",
        "rev": "2badf8771dbb2d1e1066fd6a5dddaad2fc836e72",
        "type": "github"
      },
      "original": {
        "owner": "mvllow",
        "repo": "modes.nvim",
        "type": "github"
      }
    },
    "neogit": {
      "flake": false,
      "locked": {
        "lastModified": 1781870821,
        "narHash": "sha256-oai8d/Zin+7jsrde4wGN2x/2vI3dH/Hs4raV/h2lrIA=",
        "owner": "NeogitOrg",
        "repo": "neogit",
        "rev": "828dd073e6ad180fdb5c1603c7ad7f68a384c40b",
        "type": "github"
      },
      "original": {
        "owner": "NeogitOrg",
        "repo": "neogit",
        "type": "github"
      }
    },
    "neovim-nightly-overlay": {
      "inputs": {
        "flake-parts": "flake-parts",
        "neovim-src": "neovim-src",
        "nixpkgs": [
          "nixpkgs"
        ]
      },
      "locked": {
        "lastModified": 1781827491,
        "narHash": "sha256-bhHqbSo2Zew3PzVgOAxK6M7BEvlC2WjVbXmKBXZOJ10=",
        "owner": "nix-community",
        "repo": "neovim-nightly-overlay",
        "rev": "f70c69e316e0aa26e1a4b38168622ba9646fa412",
        "type": "github"
      },
      "original": {
        "owner": "nix-community",
        "repo": "neovim-nightly-overlay",
        "type": "github"
      }
    },
    "neovim-src": {
      "flake": false,
      "locked": {
        "lastModified": 1781827151,
        "narHash": "sha256-K4KSdDxGZ86DNwF4cL9xxoDo9eFPrIjQr0Kc3Y7C7to=",
        "owner": "neovim",
        "repo": "neovim",
        "rev": "cd72e1308fb43bcfae0b5d156e84059ab2820cde",
        "type": "github"
      },
      "original": {
        "owner": "neovim",
        "repo": "neovim",
        "type": "github"
      }
    },
    "nightfox": {
      "flake": false,
      "locked": {
        "lastModified": 1777822298,
        "narHash": "sha256-xSnMYGilRjNHh1G1eOghl8Dr93HsCe3WHHAkchCyW+E=",
        "owner": "EdenEast",
        "repo": "nightfox.nvim",
        "rev": "26b61b1f856ec37cae3cb64f5690adb955f246a1",
        "type": "github"
      },
      "original": {
        "owner": "EdenEast",
        "repo": "nightfox.nvim",
        "type": "github"
      }
    },
    "nil": {
      "inputs": {
        "nixpkgs": "nixpkgs"
      },
      "locked": {
        "lastModified": 1765326831,
        "narHash": "sha256-18j8X2Nbe0Wg1+7YrWRlYzmjZ5Wq0NCVwJHJlBIw/dc=",
        "owner": "oxalica",
        "repo": "nil",
        "rev": "504599f7e555a249d6754698473124018b80d121",
        "type": "github"
      },
      "original": {
        "owner": "oxalica",
        "repo": "nil",
        "type": "github"
      }
    },
    "nixd": {
      "inputs": {
        "flake-parts": "flake-parts_2",
        "nixpkgs": "nixpkgs_2",
        "treefmt-nix": "treefmt-nix"
      },
      "locked": {
        "lastModified": 1780381423,
        "narHash": "sha256-S1BIJiQF4lRtJUKak0e97JwNvbe69/LW78YJJuB18Qk=",
        "owner": "nix-community",
        "repo": "nixd",
        "rev": "0e07c08c448a2995e7793d1098437b29bbe80b02",
        "type": "github"
      },
      "original": {
        "owner": "nix-community",
        "repo": "nixd",
        "type": "github"
      }
    },
    "nixpkgs": {
      "locked": {
        "lastModified": 1749619289,
        "narHash": "sha256-qX6gXVjaCXXbcn6A9eSLUf8Fm07MgPGe5ir3++y2O1Q=",
        "owner": "NixOS",
        "repo": "nixpkgs",
        "rev": "f72be405a10668b8b00937b452f2145244103ebc",
        "type": "github"
      },
      "original": {
        "owner": "NixOS",
        "ref": "nixpkgs-unstable",
        "repo": "nixpkgs",
        "type": "github"
      }
    },
    "nixpkgs-lib": {
      "locked": {
        "lastModified": 1777168982,
        "narHash": "sha256-GOkGPcboWE9BmGCRMLX3worL4EMnsnG8MyKmXNeYuhQ=",
        "owner": "nix-community",
        "repo": "nixpkgs.lib",
        "rev": "f5901329dade4a6ea039af1433fb087bd9c1fe14",
        "type": "github"
      },
      "original": {
        "owner": "nix-community",
        "repo": "nixpkgs.lib",
        "type": "github"
      }
    },
    "nixpkgs_2": {
      "locked": {
        "lastModified": 1776877367,
        "narHash": "sha256-wMN1gM00sUQ2KC9CNr/XEOGdfOrl67PabIRv9AYayTo=",
        "rev": "0726a0ecb6d4e08f6adced58726b95db924cef57",
        "type": "tarball",
        "url": "https://releases.nixos.org/nixos/unstable/nixos-26.05pre985613.0726a0ecb6d4/nixexprs.tar.xz"
      },
      "original": {
        "type": "tarball",
        "url": "https://channels.nixos.org/nixos-unstable/nixexprs.tar.xz"
      }
    },
    "nixpkgs_3": {
      "locked": {
        "lastModified": 1781577229,
        "narHash": "sha256-lrp67w8AulE9Ks53n27I45ADSzbOCn4H+CNW1Ck8B+8=",
        "owner": "nixos",
        "repo": "nixpkgs",
        "rev": "567a49d1913ce81ac6e9582e3553dd90a955875f",
        "type": "github"
      },
      "original": {
        "owner": "nixos",
        "ref": "nixos-unstable",
        "repo": "nixpkgs",
        "type": "github"
      }
    },
    "nixpkgs_4": {
      "locked": {
        "lastModified": 1772736753,
        "narHash": "sha256-au/m3+EuBLoSzWUCb64a/MZq6QUtOV8oC0D9tY2scPQ=",
        "owner": "NixOS",
        "repo": "nixpkgs",
        "rev": "917fec990948658ef1ccd07cef2a1ef060786846",
        "type": "github"
      },
      "original": {
        "owner": "NixOS",
        "ref": "nixpkgs-unstable",
        "repo": "nixpkgs",
        "type": "github"
      }
    },
    "nmd": {
      "locked": {
        "lastModified": 1759339018,
        "narHash": "sha256-13x2gvgnnr3cJ5qp7zz7ZnUSrg0DF/sU9KiwZkML6J0=",
        "owner": "gvolpe",
        "repo": "nmd",
        "rev": "5ecbe493e22de649e79c8e51dc5e92659940e081",
        "type": "github"
      },
      "original": {
        "owner": "gvolpe",
        "repo": "nmd",
        "type": "github"
      }
    },
    "noice": {
      "flake": false,
      "locked": {
        "lastModified": 1762187624,
        "narHash": "sha256-FKzhFVmPxshDV4mWpD3LofjRpd6pXesf9QQei1s5rAo=",
        "owner": "folke",
        "repo": "noice.nvim",
        "rev": "7bfd942445fb63089b59f97ca487d605e715f155",
        "type": "github"
      },
      "original": {
        "owner": "folke",
        "repo": "noice.nvim",
        "type": "github"
      }
    },
    "nui-nvim": {
      "flake": false,
      "locked": {
        "lastModified": 1749392788,
        "narHash": "sha256-41slmnvt1z7sCxvpiVuFmQ9g7eCaxQi1dDCL3AxSL1A=",
        "owner": "MunifTanjim",
        "repo": "nui.nvim",
        "rev": "de740991c12411b663994b2860f1a4fd0937c130",
        "type": "github"
      },
      "original": {
        "owner": "MunifTanjim",
        "repo": "nui.nvim",
        "type": "github"
      }
    },
    "nvim-autopairs": {
      "flake": false,
      "locked": {
        "lastModified": 1778204579,
        "narHash": "sha256-klOJgBPw8oGDnF9wKIpGDzuBY+tH1acRyvZSPR4wrjw=",
        "owner": "windwp",
        "repo": "nvim-autopairs",
        "rev": "7b9923abad60b903ece7c52940e1321d39eccc79",
        "type": "github"
      },
      "original": {
        "owner": "windwp",
        "repo": "nvim-autopairs",
        "type": "github"
      }
    },
    "nvim-bufferline": {
      "flake": false,
      "locked": {
        "lastModified": 1736870559,
        "narHash": "sha256-ae4MB6+6v3awvfSUWlau9ASJ147ZpwuX1fvJdfMwo1Q=",
        "owner": "akinsho",
        "repo": "bufferline.nvim",
        "rev": "655133c3b4c3e5e05ec549b9f8cc2894ac6f51b3",
        "type": "github"
      },
      "original": {
        "owner": "akinsho",
        "repo": "bufferline.nvim",
        "type": "github"
      }
    },
    "nvim-chatgpt": {
      "flake": false,
      "locked": {
        "lastModified": 1681191932,
        "narHash": "sha256-aY9EMhx3QAF5hKyiEXKMNP0cDSrQiJYU9UWBO6K8J7I=",
        "owner": "gvolpe",
        "repo": "ChatGPT.nvim",
        "rev": "4e68f755ffc9b8657525a912f6e4ebf5a8af7cc6",
        "type": "github"
      },
      "original": {
        "owner": "gvolpe",
        "repo": "ChatGPT.nvim",
        "type": "github"
      }
    },
    "nvim-cmp": {
      "flake": false,
      "locked": {
        "lastModified": 1774452539,
        "narHash": "sha256-uzfM8DLRKshESsYmUAbSfXtos9COWpe/fVkxNJPIUFw=",
        "owner": "hrsh7th",
        "repo": "nvim-cmp",
        "rev": "a1d504892f2bc56c2e79b65c6faded2fd21f3eca",
        "type": "github"
      },
      "original": {
        "owner": "hrsh7th",
        "repo": "nvim-cmp",
        "type": "github"
      }
    },
    "nvim-code-action-menu": {
      "flake": false,
      "locked": {
        "lastModified": 1702287297,
        "narHash": "sha256-pY+aP9iBuJhvDZzVEsOHZmnfaq3vUP7TfKEEQrj+Mo8=",
        "owner": "weilbith",
        "repo": "nvim-code-action-menu",
        "rev": "8c7672a4b04d3cc4edd2c484d05b660a9cb34a1b",
        "type": "github"
      },
      "original": {
        "owner": "weilbith",
        "repo": "nvim-code-action-menu",
        "type": "github"
      }
    },
    "nvim-cursorline": {
      "flake": false,
      "locked": {
        "lastModified": 1771037568,
        "narHash": "sha256-tsdrScujrmly1aqWIIjTKvWlallmEdsf2QvSFk1Dn/s=",
        "owner": "yamatsum",
        "repo": "nvim-cursorline",
        "rev": "d4425a9ba73a66fca8a34fda9254eb8949b1784d",
        "type": "github"
      },
      "original": {
        "owner": "yamatsum",
        "repo": "nvim-cursorline",
        "type": "github"
      }
    },
    "nvim-gha-open": {
      "flake": false,
      "locked": {
        "lastModified": 1723421718,
        "narHash": "sha256-dnKqJiwuFB92pYto9dJQ9Wbs67TWMNjYRB1JjLeuOmM=",
        "owner": "amirkarimi",
        "repo": "open-github-action.nvim",
        "rev": "9481dd3d8b3f246240318d9c0521655ad513ef2c",
        "type": "github"
      },
      "original": {
        "owner": "amirkarimi",
        "repo": "open-github-action.nvim",
        "type": "github"
      }
    },
    "nvim-lightbulb": {
      "flake": false,
      "locked": {
        "lastModified": 1777316780,
        "narHash": "sha256-F7JAGcinAcJmTmcbYQe5zboHwgLRbZMOYeSK/A6bqe8=",
        "owner": "kosayoda",
        "repo": "nvim-lightbulb",
        "rev": "b8c08c5f3b1586dfcdd9f34d7d54fe6982e01ac9",
        "type": "github"
      },
      "original": {
        "owner": "kosayoda",
        "repo": "nvim-lightbulb",
        "type": "github"
      }
    },
    "nvim-lspconfig": {
      "flake": false,
      "locked": {
        "lastModified": 1781881223,
        "narHash": "sha256-d8d9Hz3xA/J+E0gBRlnfCAFTwmDJE12AWw0n3TrcelU=",
        "owner": "neovim",
        "repo": "nvim-lspconfig",
        "rev": "bfcc0171a43f22afa61d927ffe9fcb6cb85dc99e",
        "type": "github"
      },
      "original": {
        "owner": "neovim",
        "repo": "nvim-lspconfig",
        "type": "github"
      }
    },
    "nvim-metals": {
      "flake": false,
      "locked": {
        "lastModified": 1777450468,
        "narHash": "sha256-uXmLZMbJKUFua9Jg/LYJ9dGRz+QF+nw7Nz5n6uaGSdQ=",
        "owner": "scalameta",
        "repo": "nvim-metals",
        "rev": "4cc98f07ec96bb748a8796831767538e0e4f9be4",
        "type": "github"
      },
      "original": {
        "owner": "scalameta",
        "repo": "nvim-metals",
        "type": "github"
      }
    },
    "nvim-neoclip": {
      "flake": false,
      "locked": {
        "lastModified": 1739108756,
        "narHash": "sha256-IjkpqLHGO48QRiYkELyadZK2uFXQVyklGfBJSgAbzIY=",
        "owner": "AckslD",
        "repo": "nvim-neoclip.lua",
        "rev": "831a97c7697736411a05ff8b91e8798ea4c2d6fb",
        "type": "github"
      },
      "original": {
        "owner": "AckslD",
        "repo": "nvim-neoclip.lua",
        "type": "github"
      }
    },
    "nvim-notify": {
      "flake": false,
      "locked": {
        "lastModified": 1757190131,
        "narHash": "sha256-h7STMjY+CBTqBkIDJXgtJz4WhNeQ02ES2Jesi3jZXeM=",
        "owner": "rcarriga",
        "repo": "nvim-notify",
        "rev": "8701bece920b38ea289b457f902e2ad184131a5d",
        "type": "github"
      },
      "original": {
        "owner": "rcarriga",
        "repo": "nvim-notify",
        "type": "github"
      }
    },
    "nvim-nui": {
      "flake": false,
      "locked": {
        "lastModified": 1749392788,
        "narHash": "sha256-41slmnvt1z7sCxvpiVuFmQ9g7eCaxQi1dDCL3AxSL1A=",
        "owner": "MunifTanjim",
        "repo": "nui.nvim",
        "rev": "de740991c12411b663994b2860f1a4fd0937c130",
        "type": "github"
      },
      "original": {
        "owner": "MunifTanjim",
        "repo": "nui.nvim",
        "type": "github"
      }
    },
    "nvim-spider": {
      "flake": false,
      "locked": {
        "lastModified": 1776093416,
        "narHash": "sha256-2ZJV23CZ8B3x4DPHGuWnq84Jp3gLvyCARuyqtrZEOos=",
        "owner": "chrisgrieser",
        "repo": "nvim-spider",
        "rev": "4fdd56a4f45bca13a607632e15a6f9f8d1b1f99e",
        "type": "github"
      },
      "original": {
        "owner": "chrisgrieser",
        "repo": "nvim-spider",
        "type": "github"
      }
    },
    "nvim-surround": {
      "flake": false,
      "locked": {
        "lastModified": 1780960868,
        "narHash": "sha256-1aMDbmzCvOP5da/IUq0+B8GqkwvaMqfXAp9Q+MyIUZ0=",
        "owner": "kylechui",
        "repo": "nvim-surround",
        "rev": "8b47db616ef658b8fc27e61db2896aa2f40134de",
        "type": "github"
      },
      "original": {
        "owner": "kylechui",
        "repo": "nvim-surround",
        "type": "github"
      }
    },
    "nvim-tree-lua": {
      "flake": false,
      "locked": {
        "lastModified": 1781925388,
        "narHash": "sha256-GAxve+xgXntwJ4B/WdNUiDwE3kgMRz8fKfOlJYp1Zg8=",
        "owner": "nvim-tree",
        "repo": "nvim-tree.lua",
        "rev": "8e8be709c9a93e1ebefde7964884a8b564bfd3e0",
        "type": "github"
      },
      "original": {
        "owner": "nvim-tree",
        "repo": "nvim-tree.lua",
        "type": "github"
      }
    },
    "nvim-treesitter": {
      "flake": false,
      "locked": {
        "lastModified": 1775221900,
        "narHash": "sha256-PQR6tFt4lCrAZNQG7BLMD1IiCKja9wDS1S4laGJf/HE=",
        "owner": "nvim-treesitter",
        "repo": "nvim-treesitter",
        "rev": "4916d6592ede8c07973490d9322f187e07dfefac",
        "type": "github"
      },
      "original": {
        "owner": "nvim-treesitter",
        "repo": "nvim-treesitter",
        "type": "github"
      }
    },
    "nvim-treesitter-context": {
      "flake": false,
      "locked": {
        "lastModified": 1778059514,
        "narHash": "sha256-2FkJvQMN0ktaNiyVLjcUUBvQNW9VHY6X4FscI1U3QhY=",
        "owner": "nvim-treesitter",
        "repo": "nvim-treesitter-context",
        "rev": "b311b30818951d01f7b4bf650521b868b3fece16",
        "type": "github"
      },
      "original": {
        "owner": "nvim-treesitter",
        "repo": "nvim-treesitter-context",
        "type": "github"
      }
    },
    "nvim-treesitter-textobjects": {
      "flake": false,
      "locked": {
        "lastModified": 1775552773,
        "narHash": "sha256-fOpRElIwvsFWm4AwETx7fpC3RtdH2BpCfX4YHVitqw0=",
        "owner": "nvim-treesitter",
        "repo": "nvim-treesitter-textobjects",
        "rev": "851e865342e5a4cb1ae23d31caf6e991e1c99f1e",
        "type": "github"
      },
      "original": {
        "owner": "nvim-treesitter",
        "repo": "nvim-treesitter-textobjects",
        "type": "github"
      }
    },
    "nvim-ts-autotag": {
      "flake": false,
      "locked": {
        "lastModified": 1776240178,
        "narHash": "sha256-bvBf9wEDxdwlMGN29v4dEPexZGuxZZr7s+6xAOrDNKI=",
        "owner": "windwp",
        "repo": "nvim-ts-autotag",
        "rev": "88c1453db4ba7dd24131086fe51fdf74e587d275",
        "type": "github"
      },
      "original": {
        "owner": "windwp",
        "repo": "nvim-ts-autotag",
        "type": "github"
      }
    },
    "nvim-ufo": {
      "flake": false,
      "locked": {
        "lastModified": 1768128452,
        "narHash": "sha256-zISVDb+YwBr5aQ/LdACKJ62eAzvtYVFpon4uh5OjA3A=",
        "owner": "kevinhwang91",
        "repo": "nvim-ufo",
        "rev": "ab3eb124062422d276fae49e0dd63b3ad1062cfc",
        "type": "github"
      },
      "original": {
        "owner": "kevinhwang91",
        "repo": "nvim-ufo",
        "type": "github"
      }
    },
    "nvim-web-devicons": {
      "flake": false,
      "locked": {
        "lastModified": 1779834979,
        "narHash": "sha256-pcU69LrhXFgXcvxbsBqLkUhgYEVGjMUDmEjaKZTSv+0=",
        "owner": "kyazdani42",
        "repo": "nvim-web-devicons",
        "rev": "dfbfaa967a6f7ec50789bead7ef87e336c1fa63c",
        "type": "github"
      },
      "original": {
        "owner": "kyazdani42",
        "repo": "nvim-web-devicons",
        "type": "github"
      }
    },
    "onedark": {
      "flake": false,
      "locked": {
        "lastModified": 1776075007,
        "narHash": "sha256-qOKXR/qfm3GsPSw0A5HOxvBaWJEUkelCcJJYHFFW8zc=",
        "owner": "navarasu",
        "repo": "onedark.nvim",
        "rev": "df4792accde9db0043121f32628bcf8e645d9aea",
        "type": "github"
      },
      "original": {
        "owner": "navarasu",
        "repo": "onedark.nvim",
        "type": "github"
      }
    },
    "plenary-nvim": {
      "flake": false,
      "locked": {
        "lastModified": 1775800366,
        "narHash": "sha256-nkfETDkPiE+Kd2BWYZijgUp9bP8RgFwRmvqJz2BMuq4=",
        "owner": "nvim-lua",
        "repo": "plenary.nvim",
        "rev": "74b06c6c75e4eeb3108ec01852001636d85a932b",
        "type": "github"
      },
      "original": {
        "owner": "nvim-lua",
        "repo": "plenary.nvim",
        "type": "github"
      }
    },
    "promise-async": {
      "flake": false,
      "locked": {
        "lastModified": 1722813441,
        "narHash": "sha256-9eM66brPjiFlY64vmBetRYrKnpDyN7+/URMm4GsGimA=",
        "owner": "kevinhwang91",
        "repo": "promise-async",
        "rev": "119e8961014c9bfaf1487bf3c2a393d254f337e2",
        "type": "github"
      },
      "original": {
        "owner": "kevinhwang91",
        "repo": "promise-async",
        "type": "github"
      }
    },
    "render-markdown-nvim": {
      "flake": false,
      "locked": {
        "lastModified": 1781781121,
        "narHash": "sha256-ukJUaqEYI60o/lyLM5GaKsRdMW/24IZnzVzPB9/Q/zo=",
        "owner": "MeanderingProgrammer",
        "repo": "render-markdown.nvim",
        "rev": "f422cb5c6855f150e2ddcfaf44e7157b98b34f6a",
        "type": "github"
      },
      "original": {
        "owner": "MeanderingProgrammer",
        "repo": "render-markdown.nvim",
        "type": "github"
      }
    },
    "root": {
      "inputs": {
        "bufdelete-nvim": "bufdelete-nvim",
        "catppuccin": "catppuccin",
        "cellular-automaton": "cellular-automaton",
        "cmp-buffer": "cmp-buffer",
        "cmp-nvim-lsp": "cmp-nvim-lsp",
        "cmp-path": "cmp-path",
        "cmp-treesitter": "cmp-treesitter",
        "cmp-vsnip": "cmp-vsnip",
        "crates-nvim": "crates-nvim",
        "dial-nvim": "dial-nvim",
        "diffview": "diffview",
        "flake-schemas": "flake-schemas",
        "flake-utils": "flake-utils",
        "gitsigns-nvim": "gitsigns-nvim",
        "glow-nvim": "glow-nvim",
        "harpoon": "harpoon",
        "hurl-nvim": "hurl-nvim",
        "indent-blankline": "indent-blankline",
        "kommentary": "kommentary",
        "lsp-signature": "lsp-signature",
        "lspkind": "lspkind",
        "lspsaga": "lspsaga",
        "lualine": "lualine",
        "mind-nvim": "mind-nvim",
        "mini-nvim": "mini-nvim",
        "modes-nvim": "modes-nvim",
        "neogit": "neogit",
        "neovim-nightly-overlay": "neovim-nightly-overlay",
        "nightfox": "nightfox",
        "nil": "nil",
        "nixd": "nixd",
        "nixpkgs": "nixpkgs_3",
        "nmd": "nmd",
        "noice": "noice",
        "nui-nvim": "nui-nvim",
        "nvim-autopairs": "nvim-autopairs",
        "nvim-bufferline": "nvim-bufferline",
        "nvim-chatgpt": "nvim-chatgpt",
        "nvim-cmp": "nvim-cmp",
        "nvim-code-action-menu": "nvim-code-action-menu",
        "nvim-cursorline": "nvim-cursorline",
        "nvim-gha-open": "nvim-gha-open",
        "nvim-lightbulb": "nvim-lightbulb",
        "nvim-lspconfig": "nvim-lspconfig",
        "nvim-metals": "nvim-metals",
        "nvim-neoclip": "nvim-neoclip",
        "nvim-notify": "nvim-notify",
        "nvim-nui": "nvim-nui",
        "nvim-spider": "nvim-spider",
        "nvim-surround": "nvim-surround",
        "nvim-tree-lua": "nvim-tree-lua",
        "nvim-treesitter": "nvim-treesitter",
        "nvim-treesitter-context": "nvim-treesitter-context",
        "nvim-treesitter-textobjects": "nvim-treesitter-textobjects",
        "nvim-ts-autotag": "nvim-ts-autotag",
        "nvim-ufo": "nvim-ufo",
        "nvim-web-devicons": "nvim-web-devicons",
        "onedark": "onedark",
        "plenary-nvim": "plenary-nvim",
        "promise-async": "promise-async",
        "render-markdown-nvim": "render-markdown-nvim",
        "rosepine": "rosepine",
        "rust-tools": "rust-tools",
        "snacks": "snacks",
        "sqls-nvim": "sqls-nvim",
        "telescope": "telescope",
        "telescope-media-files": "telescope-media-files",
        "telescope-tabs": "telescope-tabs",
        "tide": "tide",
        "todo-comments": "todo-comments",
        "tokyonight": "tokyonight",
        "tree-sitter-scala": "tree-sitter-scala",
        "trouble": "trouble",
        "twilight": "twilight",
        "typenix": "typenix",
        "vim-fugitive": "vim-fugitive",
        "vim-plantuml": "vim-plantuml",
        "vim-vsnip": "vim-vsnip",
        "which-key": "which-key",
        "zen-mode": "zen-mode"
      }
    },
    "rosepine": {
      "flake": false,
      "locked": {
        "lastModified": 1778858513,
        "narHash": "sha256-uFIave5TaC5WJj6zPrb3OBJKM/Z8tnhNoeIGaHJFym0=",
        "owner": "rose-pine",
        "repo": "neovim",
        "rev": "ff483051a47e27d84bdef47703538df1ed9f4a47",
        "type": "github"
      },
      "original": {
        "owner": "rose-pine",
        "repo": "neovim",
        "type": "github"
      }
    },
    "rust-tools": {
      "flake": false,
      "locked": {
        "lastModified": 1704259376,
        "narHash": "sha256-kFane5ze7VDiOzF7jdmXkr50XQsNvdb+a9HQtybEVE0=",
        "owner": "simrat39",
        "repo": "rust-tools.nvim",
        "rev": "676187908a1ce35ffcd727c654ed68d851299d3e",
        "type": "github"
      },
      "original": {
        "owner": "simrat39",
        "repo": "rust-tools.nvim",
        "type": "github"
      }
    },
    "snacks": {
      "flake": false,
      "locked": {
        "lastModified": 1779727538,
        "narHash": "sha256-gU0XjCcnmZNwZ/erukA8miBiMKaSsSiInLtiv+OyEJI=",
        "owner": "folke",
        "repo": "snacks.nvim",
        "rev": "882c996cf28183f4d63640de0b4c02ec886d01f2",
        "type": "github"
      },
      "original": {
        "owner": "folke",
        "repo": "snacks.nvim",
        "type": "github"
      }
    },
    "sqls-nvim": {
      "flake": false,
      "locked": {
        "lastModified": 1780261015,
        "narHash": "sha256-GA+pqHjAHbkjNfWgOtzD7OPDXEAVOwKpFwQeKJv8FPk=",
        "owner": "nanotee",
        "repo": "sqls.nvim",
        "rev": "45e2ea8a684a9a194e8adbde77a02e7ac77f6d4e",
        "type": "github"
      },
      "original": {
        "owner": "nanotee",
        "repo": "sqls.nvim",
        "type": "github"
      }
    },
    "systems": {
      "locked": {
        "lastModified": 1681028828,
        "narHash": "sha256-Vy1rq5AaRuLzOxct8nz4T6wlgyUR7zLU309k9mBC768=",
        "owner": "nix-systems",
        "repo": "default",
        "rev": "da67096a3b9bf56a91d16901293e51ba5b49a27e",
        "type": "github"
      },
      "original": {
        "owner": "nix-systems",
        "repo": "default",
        "type": "github"
      }
    },
    "telescope": {
      "flake": false,
      "locked": {
        "lastModified": 1781624647,
        "narHash": "sha256-iFHYx+5Rf3ol7CjVLjqVu+VNjdGfeC8V8nS/1THO+cQ=",
        "owner": "nvim-telescope",
        "repo": "telescope.nvim",
        "rev": "9377230aa5305d9e9aca4ed8dadf1070fb4aa9fc",
        "type": "github"
      },
      "original": {
        "owner": "nvim-telescope",
        "repo": "telescope.nvim",
        "type": "github"
      }
    },
    "telescope-media-files": {
      "flake": false,
      "locked": {
        "lastModified": 1676798033,
        "narHash": "sha256-+mIQVIoreE+goSBtMucgiEPldI01JDRdCKWH/6mzey8=",
        "owner": "nvim-telescope",
        "repo": "telescope-media-files.nvim",
        "rev": "0826c7a730bc4d36068f7c85cf4c5b3fd9fb570a",
        "type": "github"
      },
      "original": {
        "owner": "nvim-telescope",
        "repo": "telescope-media-files.nvim",
        "type": "github"
      }
    },
    "telescope-tabs": {
      "flake": false,
      "locked": {
        "lastModified": 1716295855,
        "narHash": "sha256-88rMEtHTk5jEQ00YleSr8x32Q3m0VFZdxSE2vQ+f0rM=",
        "owner": "FabianWirth",
        "repo": "search.nvim",
        "rev": "7b8f2315d031be73e14bc2d82386dfac15952614",
        "type": "github"
      },
      "original": {
        "owner": "FabianWirth",
        "repo": "search.nvim",
        "type": "github"
      }
    },
    "tide": {
      "flake": false,
      "locked": {
        "lastModified": 1731237293,
        "narHash": "sha256-eHB1XHDh/fTCOZkA0twufFZdpR/pYqug/QKLD/+SPPs=",
        "owner": "jackMort",
        "repo": "tide.nvim",
        "rev": "d76fe37dd8ad4f952bdac7afc573d9838fc2124d",
        "type": "github"
      },
      "original": {
        "owner": "jackMort",
        "repo": "tide.nvim",
        "type": "github"
      }
    },
    "todo-comments": {
      "flake": false,
      "locked": {
        "lastModified": 1762764922,
        "narHash": "sha256-VGeIRfwQsHgSO89Pmn6yIP9na1F6mmYZx0HDLe9IKCQ=",
        "owner": "folke",
        "repo": "todo-comments.nvim",
        "rev": "31e3c38ce9b29781e4422fc0322eb0a21f4e8668",
        "type": "github"
      },
      "original": {
        "owner": "folke",
        "repo": "todo-comments.nvim",
        "type": "github"
      }
    },
    "tokyonight": {
      "flake": false,
      "locked": {
        "lastModified": 1774363414,
        "narHash": "sha256-a9iRWue7DB7s/wNdxqqB51Jya5P9X6sDftqhdmKggU0=",
        "owner": "folke",
        "repo": "tokyonight.nvim",
        "rev": "cdc07ac78467a233fd62c493de29a17e0cf2b2b6",
        "type": "github"
      },
      "original": {
        "owner": "folke",
        "repo": "tokyonight.nvim",
        "type": "github"
      }
    },
    "tree-sitter-nix": {
      "flake": false,
      "locked": {
        "lastModified": 1764782150,
        "narHash": "sha256-cSiBd0XkSR8l1CF2vkThWUtMxqATwuxCNO5oy2kyOZY=",
        "owner": "nix-community",
        "repo": "tree-sitter-nix",
        "rev": "eabf96807ea4ab6d6c7f09b671a88cd483542840",
        "type": "github"
      },
      "original": {
        "owner": "nix-community",
        "repo": "tree-sitter-nix",
        "type": "github"
      }
    },
    "tree-sitter-scala": {
      "flake": false,
      "locked": {
        "lastModified": 1779114828,
        "narHash": "sha256-arwLfqA/C4w8GQv6GE/H4/tDRWaGDfvEiv7Q7mYRBRI=",
        "owner": "tree-sitter",
        "repo": "tree-sitter-scala",
        "rev": "4d081d98670ff6e98ca42c085294fc75eec15e1d",
        "type": "github"
      },
      "original": {
        "owner": "tree-sitter",
        "repo": "tree-sitter-scala",
        "type": "github"
      }
    },
    "treefmt-nix": {
      "inputs": {
        "nixpkgs": [
          "nixd",
          "nixpkgs"
        ]
      },
      "locked": {
        "lastModified": 1780220602,
        "narHash": "sha256-eynAfOmbmxJnkp7YewvCEbShNnnYJ9gLLqkzsYtBPeM=",
        "owner": "numtide",
        "repo": "treefmt-nix",
        "rev": "db947814a175b7ca6ded66e21383d938df01c227",
        "type": "github"
      },
      "original": {
        "owner": "numtide",
        "repo": "treefmt-nix",
        "type": "github"
      }
    },
    "trouble": {
      "flake": false,
      "locked": {
        "lastModified": 1761919011,
        "narHash": "sha256-6U/KWjvRMxWIxcsI2xNU/ltfgkaFG4E3BdzC7brK/DI=",
        "owner": "folke",
        "repo": "trouble.nvim",
        "rev": "bd67efe408d4816e25e8491cc5ad4088e708a69a",
        "type": "github"
      },
      "original": {
        "owner": "folke",
        "repo": "trouble.nvim",
        "type": "github"
      }
    },
    "twilight": {
      "flake": false,
      "locked": {
        "lastModified": 1761660764,
        "narHash": "sha256-V6DFwvShvX6mYMRJajwOaxbHMNuCHCZzVrfT73iMuQo=",
        "owner": "folke",
        "repo": "twilight.nvim",
        "rev": "664e752f4a219801265cc3fc18782b457b58c1e1",
        "type": "github"
      },
      "original": {
        "owner": "folke",
        "repo": "twilight.nvim",
        "type": "github"
      }
    },
    "typenix": {
      "inputs": {
        "nixpkgs": "nixpkgs_4",
        "tree-sitter-nix": "tree-sitter-nix"
      },
      "locked": {
        "lastModified": 1773282070,
        "narHash": "sha256-lLnCbe+m2R6ONA+EYLu8bC8slMjC28wnO0Qsuic89Ww=",
        "owner": "ryanrasti",
        "repo": "typenix",
        "rev": "13550ee05461121a74a6467aefc479a62026cdfc",
        "type": "github"
      },
      "original": {
        "owner": "ryanrasti",
        "repo": "typenix",
        "type": "github"
      }
    },
    "vim-fugitive": {
      "flake": false,
      "locked": {
        "lastModified": 1772910953,
        "narHash": "sha256-vXSOXq3Tj5g0jUwQEZ0RRlon1OEX+jv1dgofUl4QcQg=",
        "owner": "tpope",
        "repo": "vim-fugitive",
        "rev": "3b753cf8c6a4dcde6edee8827d464ba9b8c4a6f0",
        "type": "github"
      },
      "original": {
        "owner": "tpope",
        "repo": "vim-fugitive",
        "type": "github"
      }
    },
    "vim-plantuml": {
      "flake": false,
      "locked": {
        "lastModified": 1724626194,
        "narHash": "sha256-qmo5xI7Vugtsbl95RW2Pnu6cDei1Xz7Pq06HrrwPpI4=",
        "owner": "aklt",
        "repo": "plantuml-syntax",
        "rev": "9d4900aa16674bf5bb8296a72b975317d573b547",
        "type": "github"
      },
      "original": {
        "owner": "aklt",
        "repo": "plantuml-syntax",
        "type": "github"
      }
    },
    "vim-vsnip": {
      "flake": false,
      "locked": {
        "lastModified": 1759671910,
        "narHash": "sha256-hLKtAYNenLgcVPfs0iLEzOOz1OL0oQ3WPJm1VStx9QM=",
        "owner": "hrsh7th",
        "repo": "vim-vsnip",
        "rev": "9bcfabea653abdcdac584283b5097c3f8760abaa",
        "type": "github"
      },
      "original": {
        "owner": "hrsh7th",
        "repo": "vim-vsnip",
        "type": "github"
      }
    },
    "which-key": {
      "flake": false,
      "locked": {
        "lastModified": 1761664528,
        "narHash": "sha256-rKaYnXM4gRkkF/+xIFm2oCZwtAU6CeTdRWU93N+Jmbc=",
        "owner": "folke",
        "repo": "which-key.nvim",
        "rev": "3aab2147e74890957785941f0c1ad87d0a44c15a",
        "type": "github"
      },
      "original": {
        "owner": "folke",
        "repo": "which-key.nvim",
        "type": "github"
      }
    },
    "zen-mode": {
      "flake": false,
      "locked": {
        "lastModified": 1761664423,
        "narHash": "sha256-vRJynz3bnkhfHKya+iEgm4PIEwT2P9kvkskgTt5UUU4=",
        "owner": "folke",
        "repo": "zen-mode.nvim",
        "rev": "8564ce6d29ec7554eb9df578efa882d33b3c23a7",
        "type": "github"
      },
      "original": {
        "owner": "folke",
        "repo": "zen-mode.nvim",
        "type": "github"
      }
    }
  },
  "root": "root",
  "version": 7
}
